
Microsoft Visual Studio Solution File, Format Version 12.00
# Visual Studio Version 16
VisualStudioVersion = 16.0.30907.101
MinimumVisualStudioVersion = 10.0.40219.1
Project("{FAE04EC0-301F-11D3-BF4B-00C04F79EFBC}") = "ReversedAge", "ReversedAge\ReversedAge.csproj", "{269E641C-B1A5-4516-A002-09962410ADA3}"
EndProject
Global
	GlobalSection(SolutionConfigurationPlatforms) = preSolution
		Debug|Any CPU = Debug|Any CPU
		Release|Any CPU = Release|Any CPU
	EndGlobalSection
	GlobalSection(ProjectConfigurationPlatforms) = postSolution
		{269E641C-B1A5-4516-A002-09962410ADA3}.Debug|Any CPU.ActiveCfg = Debug|Any CPU
		{269E641C-B1A5-4516-A002-09962410ADA3}.Debug|Any CPU.Build.0 = Debug|Any CPU
		{269E641C-B1A5-4516-A002-09962410ADA3}.Release|Any CPU.ActiveCfg = Release|Any CPU
		{269E641C-B1A5-4516-A002-09962410ADA3}.Release|Any CPU.Build.0 = Release|Any CPU
	EndGlobalSection
	GlobalSection(SolutionProperties) = preSolution
		HideSolutionNode = FALSE
	EndGlobalSection
	GlobalSection(ExtensibilityGlobals) = postSolution
		SolutionGuid = {6893A70A-350F-4319-8610-763FC18A0D23}
	EndGlobalSection
EndGlobal
