
Microsoft Visual Studio Solution File, Format Version 12.00
# Visual Studio Version 16
VisualStudioVersion = 16.0.30907.101
MinimumVisualStudioVersion = 10.0.40219.1
Project("{FAE04EC0-301F-11D3-BF4B-00C04F79EFBC}") = "AgeAdvisory", "AgeAdvisory\AgeAdvisory.csproj", "{73B6ED65-715B-45F8-8E2C-9ED97AB9EB5F}"
EndProject
Global
	GlobalSection(SolutionConfigurationPlatforms) = preSolution
		Debug|Any CPU = Debug|Any CPU
		Release|Any CPU = Release|Any CPU
	EndGlobalSection
	GlobalSection(ProjectConfigurationPlatforms) = postSolution
		{73B6ED65-715B-45F8-8E2C-9ED97AB9EB5F}.Debug|Any CPU.ActiveCfg = Debug|Any CPU
		{73B6ED65-715B-45F8-8E2C-9ED97AB9EB5F}.Debug|Any CPU.Build.0 = Debug|Any CPU
		{73B6ED65-715B-45F8-8E2C-9ED97AB9EB5F}.Release|Any CPU.ActiveCfg = Release|Any CPU
		{73B6ED65-715B-45F8-8E2C-9ED97AB9EB5F}.Release|Any CPU.Build.0 = Release|Any CPU
	EndGlobalSection
	GlobalSection(SolutionProperties) = preSolution
		HideSolutionNode = FALSE
	EndGlobalSection
	GlobalSection(ExtensibilityGlobals) = postSolution
		SolutionGuid = {EE818007-D1A8-4615-9BB0-B89FC335B9EA}
	EndGlobalSection
EndGlobal
