
Microsoft Visual Studio Solution File, Format Version 12.00
# Visual Studio Version 16
VisualStudioVersion = 16.0.30907.101
MinimumVisualStudioVersion = 10.0.40219.1
Project("{FAE04EC0-301F-11D3-BF4B-00C04F79EFBC}") = "AdressBook", "AdressBook\AdressBook.csproj", "{4875FF57-D3DA-4F53-BE05-F10CF7B062B2}"
EndProject
Global
	GlobalSection(SolutionConfigurationPlatforms) = preSolution
		Debug|Any CPU = Debug|Any CPU
		Release|Any CPU = Release|Any CPU
	EndGlobalSection
	GlobalSection(ProjectConfigurationPlatforms) = postSolution
		{4875FF57-D3DA-4F53-BE05-F10CF7B062B2}.Debug|Any CPU.ActiveCfg = Debug|Any CPU
		{4875FF57-D3DA-4F53-BE05-F10CF7B062B2}.Debug|Any CPU.Build.0 = Debug|Any CPU
		{4875FF57-D3DA-4F53-BE05-F10CF7B062B2}.Release|Any CPU.ActiveCfg = Release|Any CPU
		{4875FF57-D3DA-4F53-BE05-F10CF7B062B2}.Release|Any CPU.Build.0 = Release|Any CPU
	EndGlobalSection
	GlobalSection(SolutionProperties) = preSolution
		HideSolutionNode = FALSE
	EndGlobalSection
	GlobalSection(ExtensibilityGlobals) = postSolution
		SolutionGuid = {42728775-129D-4E95-A728-95B6B039BF0F}
	EndGlobalSection
EndGlobal
