
Microsoft Visual Studio Solution File, Format Version 12.00
# Visual Studio Version 16
VisualStudioVersion = 16.0.30907.101
MinimumVisualStudioVersion = 10.0.40219.1
Project("{FAE04EC0-301F-11D3-BF4B-00C04F79EFBC}") = "Lottery", "Lottery\Lottery.csproj", "{FAAA0298-A509-4CF6-9486-4157F815739C}"
EndProject
Global
	GlobalSection(SolutionConfigurationPlatforms) = preSolution
		Debug|Any CPU = Debug|Any CPU
		Release|Any CPU = Release|Any CPU
	EndGlobalSection
	GlobalSection(ProjectConfigurationPlatforms) = postSolution
		{FAAA0298-A509-4CF6-9486-4157F815739C}.Debug|Any CPU.ActiveCfg = Debug|Any CPU
		{FAAA0298-A509-4CF6-9486-4157F815739C}.Debug|Any CPU.Build.0 = Debug|Any CPU
		{FAAA0298-A509-4CF6-9486-4157F815739C}.Release|Any CPU.ActiveCfg = Release|Any CPU
		{FAAA0298-A509-4CF6-9486-4157F815739C}.Release|Any CPU.Build.0 = Release|Any CPU
	EndGlobalSection
	GlobalSection(SolutionProperties) = preSolution
		HideSolutionNode = FALSE
	EndGlobalSection
	GlobalSection(ExtensibilityGlobals) = postSolution
		SolutionGuid = {F28E15AF-1EFA-4BEE-B352-52738DF66E7A}
	EndGlobalSection
EndGlobal
